# THIS IS AN AUTOGENERATED FILE. DO NOT EDIT THIS FILE DIRECTLY.
# yarn lockfile v1


"@nomicfoundation/hardhat-toolbox@^2.0.2":
  version "2.0.2"
  resolved "https://registry.yarnpkg.com/@nomicfoundation/hardhat-toolbox/-/hardhat-toolbox-2.0.2.tgz#ec95f23b53cb4e71a1a7091380fa223aad18f156"
  integrity sha512-vnN1AzxbvpSx9pfdRHbUzTRIXpMLPXnUlkW855VaDk6N1pwRaQ2gNzEmFAABk4lWf11E00PKwFd/q27HuwYrYg==
