# THIS IS AN AUTOGENERATED FILE. DO NOT EDIT THIS FILE DIRECTLY.
# yarn lockfile v1


"@account-abstraction/contracts@^0.5.0":
  version "0.5.0"
  resolved "https://registry.yarnpkg.com/@account-abstraction/contracts/-/contracts-0.5.0.tgz#a089aee7b4c446251fbbce7df315bbf8f659e37f"
  integrity sha512-CKyS9Zh5rcYUM+4B6TlaB9+THHzJ+6TY3tWF5QofqvFpqGNvIhF8ddy6wyCmqZw6TB74/yYv7cYD/RarVudfDg==

"@nomicfoundation/hardhat-toolbox@^2.0.2":
  version "2.0.2"
  resolved "https://registry.yarnpkg.com/@nomicfoundation/hardhat-toolbox/-/hardhat-toolbox-2.0.2.tgz#ec95f23b53cb4e71a1a7091380fa223aad18f156"
  integrity sha512-vnN1AzxbvpSx9pfdRHbUzTRIXpMLPXnUlkW855VaDk6N1pwRaQ2gNzEmFAABk4lWf11E00PKwFd/q27HuwYrYg==

"@openzeppelin/contracts@^4.8.2":
  version "4.8.2"
  resolved "https://registry.yarnpkg.com/@openzeppelin/contracts/-/contracts-4.8.2.tgz#d815ade0027b50beb9bcca67143c6bcc3e3923d6"
  integrity sha512-kEUOgPQszC0fSYWpbh2kT94ltOJwj1qfT2DWo+zVttmGmf97JZ99LspePNaeeaLhCImaHVeBbjaQFZQn7+Zc5g==
